
Microsoft Visual Studio Solution File, Format Version 12.00
# Visual Studio Version 17
VisualStudioVersion = 17.4.33213.308
MinimumVisualStudioVersion = 10.0.40219.1
Project("{FAE04EC0-301F-11D3-BF4B-00C04F79EFBC}") = "WebApi", "WebApi\WebApi.csproj", "{10ECDCD9-AF44-4BD5-81B2-56627794F117}"
EndProject
Project("{FAE04EC0-301F-11D3-BF4B-00C04F79EFBC}") = "Services", "Services\Services.csproj", "{A775AE4C-1284-485E-93E7-6596E2110CE9}"
EndProject
Project("{FAE04EC0-301F-11D3-BF4B-00C04F79EFBC}") = "UnitTests", "UnitTests\UnitTests.csproj", "{D7AC7901-8DDF-418F-B9EB-148A67DE7F7E}"
EndProject
Global
	GlobalSection(SolutionConfigurationPlatforms) = preSolution
		Debug|Any CPU = Debug|Any CPU
		Release|Any CPU = Release|Any CPU
	EndGlobalSection
	GlobalSection(ProjectConfigurationPlatforms) = postSolution
		{10ECDCD9-AF44-4BD5-81B2-56627794F117}.Debug|Any CPU.ActiveCfg = Debug|Any CPU
		{10ECDCD9-AF44-4BD5-81B2-56627794F117}.Debug|Any CPU.Build.0 = Debug|Any CPU
		{10ECDCD9-AF44-4BD5-81B2-56627794F117}.Release|Any CPU.ActiveCfg = Release|Any CPU
		{10ECDCD9-AF44-4BD5-81B2-56627794F117}.Release|Any CPU.Build.0 = Release|Any CPU
		{A775AE4C-1284-485E-93E7-6596E2110CE9}.Debug|Any CPU.ActiveCfg = Debug|Any CPU
		{A775AE4C-1284-485E-93E7-6596E2110CE9}.Debug|Any CPU.Build.0 = Debug|Any CPU
		{A775AE4C-1284-485E-93E7-6596E2110CE9}.Release|Any CPU.ActiveCfg = Release|Any CPU
		{A775AE4C-1284-485E-93E7-6596E2110CE9}.Release|Any CPU.Build.0 = Release|Any CPU
		{D7AC7901-8DDF-418F-B9EB-148A67DE7F7E}.Debug|Any CPU.ActiveCfg = Debug|Any CPU
		{D7AC7901-8DDF-418F-B9EB-148A67DE7F7E}.Debug|Any CPU.Build.0 = Debug|Any CPU
		{D7AC7901-8DDF-418F-B9EB-148A67DE7F7E}.Release|Any CPU.ActiveCfg = Release|Any CPU
		{D7AC7901-8DDF-418F-B9EB-148A67DE7F7E}.Release|Any CPU.Build.0 = Release|Any CPU
	EndGlobalSection
	GlobalSection(SolutionProperties) = preSolution
		HideSolutionNode = FALSE
	EndGlobalSection
	GlobalSection(ExtensibilityGlobals) = postSolution
		SolutionGuid = {2EE7AC2C-870A-445E-9D28-FF37880A31FC}
	EndGlobalSection
EndGlobal
